{
  "name": "binjs-ref",
  "version": "1.0.0",
  "lockfileVersion": 1,
  "requires": true,
  "dependencies": {
    "d": {
      "version": "1.0.0",
      "resolved": "https://registry.npmjs.org/d/-/d-1.0.0.tgz",
      "integrity": "sha1-dUu1v+VUUdpppYuU1F9MWwRi1Y8=",
      "requires": {
        "es5-ext": "^0.10.9"
      }
    },
    "es5-ext": {
      "version": "0.10.40",
      "resolved": "https://registry.npmjs.org/es5-ext/-/es5-ext-0.10.40.tgz",
      "integrity": "sha512-S9Fh3oya5OOvYSNGvPZJ+vyrs6VYpe1IXPowVe3N1OhaiwVaGlwfn3Zf5P5klYcWOA0toIwYQW8XEv/QqhdHvQ==",
      "requires": {
        "es6-iterator": "~2.0.3",
        "es6-symbol": "~3.1.1"
      }
    },
    "es6-iterator": {
      "version": "2.0.3",
      "resolved": "https://registry.npmjs.org/es6-iterator/-/es6-iterator-2.0.3.tgz",
      "integrity": "sha1-p96IkUGgWpSwhUQDstCg+/qY87c=",
      "requires": {
        "d": "1",
        "es5-ext": "^0.10.35",
        "es6-symbol": "^3.1.1"
      }
    },
    "es6-map": {
      "version": "0.1.5",
      "resolved": "https://registry.npmjs.org/es6-map/-/es6-map-0.1.5.tgz",
      "integrity": "sha1-kTbgUD3MBqMBaQ8LsU/042TpSfA=",
      "requires": {
        "d": "1",
        "es5-ext": "~0.10.14",
        "es6-iterator": "~2.0.1",
        "es6-set": "~0.1.5",
        "es6-symbol": "~3.1.1",
        "event-emitter": "~0.3.5"
      }
    },
    "es6-set": {
      "version": "0.1.5",
      "resolved": "https://registry.npmjs.org/es6-set/-/es6-set-0.1.5.tgz",
      "integrity": "sha1-0rPsXU2ADO2BjbU40ol02wpzzLE=",
      "requires": {
        "d": "1",
        "es5-ext": "~0.10.14",
        "es6-iterator": "~2.0.1",
        "es6-symbol": "3.1.1",
        "event-emitter": "~0.3.5"
      }
    },
    "es6-symbol": {
      "version": "3.1.1",
      "resolved": "https://registry.npmjs.org/es6-symbol/-/es6-symbol-3.1.1.tgz",
      "integrity": "sha1-vwDvT9q2uhtG7Le2KbTH7VcVzHc=",
      "requires": {
        "d": "1",
        "es5-ext": "~0.10.14"
      }
    },
    "esutils": {
      "version": "2.0.2",
      "resolved": "https://registry.npmjs.org/esutils/-/esutils-2.0.2.tgz",
      "integrity": "sha1-Cr9PHKpbyx96nYrMbepPqqBLrJs="
    },
    "event-emitter": {
      "version": "0.3.5",
      "resolved": "https://registry.npmjs.org/event-emitter/-/event-emitter-0.3.5.tgz",
      "integrity": "sha1-34xp7vFkeSPHFXuc6DhAYQsCzDk=",
      "requires": {
        "d": "1",
        "es5-ext": "~0.10.14"
      }
    },
    "mktemp": {
      "version": "0.4.0",
      "resolved": "https://registry.npmjs.org/mktemp/-/mktemp-0.4.0.tgz",
      "integrity": "sha1-bQUVYRyKjITkhKogABKbmOmB/ws="
    },
    "multimap": {
      "version": "0.1.1",
      "resolved": "https://registry.npmjs.org/multimap/-/multimap-0.1.1.tgz",
      "integrity": "sha1-UY6eIVIK++Vq4zwMI1PpnVPj1fw="
    },
    "object-assign": {
      "version": "4.1.1",
      "resolved": "https://registry.npmjs.org/object-assign/-/object-assign-4.1.1.tgz",
      "integrity": "sha1-IQmtx5ZYh8/AXLvUQsrIv7s2CGM="
    },
    "shift-ast": {
      "version": "4.0.0",
      "resolved": "https://registry.npmjs.org/shift-ast/-/shift-ast-4.0.0.tgz",
      "integrity": "sha1-HUFSoq3ShkSlKusuDIfYkl09l/8="
    },
    "shift-codegen": {
      "version": "5.0.5",
      "resolved": "https://registry.npmjs.org/shift-codegen/-/shift-codegen-5.0.5.tgz",
      "integrity": "sha1-9r16IWHFpOyURmWeE/H90UPFycE=",
      "requires": {
        "esutils": "^2.0.2",
        "object-assign": "^4.1.0",
        "shift-reducer": "^4.0.0"
      }
    },
    "shift-parser": {
      "version": "5.2.3",
      "resolved": "https://registry.npmjs.org/shift-parser/-/shift-parser-5.2.3.tgz",
      "integrity": "sha1-tt48/49PMjKzC4J3k9bIsRrrKlE=",
      "requires": {
        "es6-map": "^0.1.1",
        "multimap": "^0.1.1",
        "shift-ast": "^4.0.0",
        "shift-reducer": "^4.0.0"
      }
    },
    "shift-reducer": {
      "version": "4.2.0",
      "resolved": "https://registry.npmjs.org/shift-reducer/-/shift-reducer-4.2.0.tgz",
      "integrity": "sha512-ePu70mUpMZxwYcenn8GHif5Gmc0NXW2z43oKb068yhzD8KzbN7Xmm/UO4dKO7/wKc+/Gic1lyW/owE4xMfO2bg==",
      "requires": {
        "shift-ast": "^4.0.0"
      }
    }
  }
}
