# THIS IS AN AUTOGENERATED FILE. DO NOT EDIT THIS FILE DIRECTLY.
# yarn lockfile v1


"@babel/code-frame@7.0.0-beta.44":
  version "7.0.0-beta.44"
  resolved "https://registry.yarnpkg.com/@babel/code-frame/-/code-frame-7.0.0-beta.44.tgz#2a02643368de80916162be70865c97774f3adbd9"
  integrity sha512-cuAuTTIQ9RqcFRJ/Y8PvTh+paepNcaGxwQwjIDRWPXmzzyAeCO4KqS9ikMvq0MCbRk6GlYKwfzStrcP3/jSL8g==
  dependencies:
    "@babel/highlight" "7.0.0-beta.44"

"@babel/generator@7.0.0-beta.44":
  version "7.0.0-beta.44"
  resolved "https://registry.yarnpkg.com/@babel/generator/-/generator-7.0.0-beta.44.tgz#c7e67b9b5284afcf69b309b50d7d37f3e5033d42"
  integrity sha512-5xVb7hlhjGcdkKpMXgicAVgx8syK5VJz193k0i/0sLP6DzE6lRrU1K3B/rFefgdo9LPGMAOOOAWW4jycj07ShQ==
  dependencies:
    "@babel/types" "7.0.0-beta.44"
    jsesc "^2.5.1"
    lodash "^4.2.0"
    source-map "^0.5.0"
    trim-right "^1.0.1"

"@babel/helper-function-name@7.0.0-beta.44":
  version "7.0.0-beta.44"
  resolved "https://registry.yarnpkg.com/@babel/helper-function-name/-/helper-function-name-7.0.0-beta.44.tgz#e18552aaae2231100a6e485e03854bc3532d44dd"
  integrity sha512-MHRG2qZMKMFaBavX0LWpfZ2e+hLloT++N7rfM3DYOMUOGCD8cVjqZpwiL8a0bOX3IYcQev1ruciT0gdFFRTxzg==
  dependencies:
    "@babel/helper-get-function-arity" "7.0.0-beta.44"
    "@babel/template" "7.0.0-beta.44"
    "@babel/types" "7.0.0-beta.44"

"@babel/helper-get-function-arity@7.0.0-beta.44":
  version "7.0.0-beta.44"
  resolved "https://registry.yarnpkg.com/@babel/helper-get-function-arity/-/helper-get-function-arity-7.0.0-beta.44.tgz#d03ca6dd2b9f7b0b1e6b32c56c72836140db3a15"
  integrity sha512-w0YjWVwrM2HwP6/H3sEgrSQdkCaxppqFeJtAnB23pRiJB5E/O9Yp7JAAeWBl+gGEgmBFinnTyOv2RN7rcSmMiw==
  dependencies:
    "@babel/types" "7.0.0-beta.44"

"@babel/helper-split-export-declaration@7.0.0-beta.44":
  version "7.0.0-beta.44"
  resolved "https://registry.yarnpkg.com/@babel/helper-split-export-declaration/-/helper-split-export-declaration-7.0.0-beta.44.tgz#c0b351735e0fbcb3822c8ad8db4e583b05ebd9dc"
  integrity sha512-aQ7QowtkgKKzPGf0j6u77kBMdUFVBKNHw2p/3HX/POt5/oz8ec5cs0GwlgM8Hz7ui5EwJnzyfRmkNF1Nx1N7aA==
  dependencies:
    "@babel/types" "7.0.0-beta.44"

"@babel/highlight@7.0.0-beta.44":
  version "7.0.0-beta.44"
  resolved "https://registry.yarnpkg.com/@babel/highlight/-/highlight-7.0.0-beta.44.tgz#18c94ce543916a80553edcdcf681890b200747d5"
  integrity sha512-Il19yJvy7vMFm8AVAh6OZzaFoAd0hbkeMZiX3P5HGD+z7dyI7RzndHB0dg6Urh/VAFfHtpOIzDUSxmY6coyZWQ==
  dependencies:
    chalk "^2.0.0"
    esutils "^2.0.2"
    js-tokens "^3.0.0"

"@babel/template@7.0.0-beta.44":
  version "7.0.0-beta.44"
  resolved "https://registry.yarnpkg.com/@babel/template/-/template-7.0.0-beta.44.tgz#f8832f4fdcee5d59bf515e595fc5106c529b394f"
  integrity sha512-w750Sloq0UNifLx1rUqwfbnC6uSUk0mfwwgGRfdLiaUzfAOiH0tHJE6ILQIUi3KYkjiCDTskoIsnfqZvWLBDng==
  dependencies:
    "@babel/code-frame" "7.0.0-beta.44"
    "@babel/types" "7.0.0-beta.44"
    babylon "7.0.0-beta.44"
    lodash "^4.2.0"

"@babel/traverse@7.0.0-beta.44":
  version "7.0.0-beta.44"
  resolved "https://registry.yarnpkg.com/@babel/traverse/-/traverse-7.0.0-beta.44.tgz#a970a2c45477ad18017e2e465a0606feee0d2966"
  integrity sha512-UHuDz8ukQkJCDASKHf+oDt3FVUzFd+QYfuBIsiNu/4+/ix6pP/C+uQZJ6K1oEfbCMv/IKWbgDEh7fcsnIE5AtA==
  dependencies:
    "@babel/code-frame" "7.0.0-beta.44"
    "@babel/generator" "7.0.0-beta.44"
    "@babel/helper-function-name" "7.0.0-beta.44"
    "@babel/helper-split-export-declaration" "7.0.0-beta.44"
    "@babel/types" "7.0.0-beta.44"
    babylon "7.0.0-beta.44"
    debug "^3.1.0"
    globals "^11.1.0"
    invariant "^2.2.0"
    lodash "^4.2.0"

"@babel/types@7.0.0-beta.44":
  version "7.0.0-beta.44"
  resolved "https://registry.yarnpkg.com/@babel/types/-/types-7.0.0-beta.44.tgz#6b1b164591f77dec0a0342aca995f2d046b3a757"
  integrity sha512-5eTV4WRmqbaFM3v9gHAIljEQJU4Ssc6fxL61JN+Oe2ga/BwyjzjamwkCVVAQjHGuAX8i0BWo42dshL8eO5KfLQ==
  dependencies:
    esutils "^2.0.2"
    lodash "^4.2.0"
    to-fast-properties "^2.0.0"

ansi-styles@^3.2.1:
  version "3.2.1"
  resolved "https://registry.yarnpkg.com/ansi-styles/-/ansi-styles-3.2.1.tgz#41fbb20243e50b12be0f04b8dedbf07520ce841d"
  integrity sha512-VT0ZI6kZRdTh8YyJw3SMbYm/u+NqfsAxEpWO0Pf9sq8/e94WxxOpPKx9FR1FlyCtOVDNOQ+8ntlqFxiRc+r5qA==
  dependencies:
    color-convert "^1.9.0"

babel-eslint@^8.2.2:
  version "8.2.6"
  resolved "https://registry.yarnpkg.com/babel-eslint/-/babel-eslint-8.2.6.tgz#6270d0c73205628067c0f7ae1693a9e797acefd9"
  integrity sha512-aCdHjhzcILdP8c9lej7hvXKvQieyRt20SF102SIGyY4cUIiw6UaAtK4j2o3dXX74jEmy0TJ0CEhv4fTIM3SzcA==
  dependencies:
    "@babel/code-frame" "7.0.0-beta.44"
    "@babel/traverse" "7.0.0-beta.44"
    "@babel/types" "7.0.0-beta.44"
    babylon "7.0.0-beta.44"
    eslint-scope "3.7.1"
    eslint-visitor-keys "^1.0.0"

babylon@7.0.0-beta.44:
  version "7.0.0-beta.44"
  resolved "https://registry.yarnpkg.com/babylon/-/babylon-7.0.0-beta.44.tgz#89159e15e6e30c5096e22d738d8c0af8a0e8ca1d"
  integrity sha512-5Hlm13BJVAioCHpImtFqNOF2H3ieTOHd0fmFGMxOJ9jgeFqeAwsv3u5P5cR7CSeFrkgHsT19DgFJkHV0/Mcd8g==

chalk@^2.0.0:
  version "2.4.2"
  resolved "https://registry.yarnpkg.com/chalk/-/chalk-2.4.2.tgz#cd42541677a54333cf541a49108c1432b44c9424"
  integrity sha512-Mti+f9lpJNcwF4tWV8/OrTTtF1gZi+f8FqlyAdouralcFWFQWF2+NgCHShjkCb+IFBLq9buZwE1xckQU4peSuQ==
  dependencies:
    ansi-styles "^3.2.1"
    escape-string-regexp "^1.0.5"
    supports-color "^5.3.0"

color-convert@^1.9.0:
  version "1.9.3"
  resolved "https://registry.yarnpkg.com/color-convert/-/color-convert-1.9.3.tgz#bb71850690e1f136567de629d2d5471deda4c1e8"
  integrity sha512-QfAUtd+vFdAtFQcC8CCyYt1fYWxSqAiK2cSD6zDB8N3cpsEBAvRxp9zOGg6G/SHHJYAT88/az/IuDGALsNVbGg==
  dependencies:
    color-name "1.1.3"

color-name@1.1.3:
  version "1.1.3"
  resolved "https://registry.yarnpkg.com/color-name/-/color-name-1.1.3.tgz#a7d0558bd89c42f795dd42328f740831ca53bc25"
  integrity sha1-p9BVi9icQveV3UIyj3QIMcpTvCU=

d@1:
  version "1.0.0"
  resolved "https://registry.yarnpkg.com/d/-/d-1.0.0.tgz#754bb5bfe55451da69a58b94d45f4c5b0462d58f"
  integrity sha1-dUu1v+VUUdpppYuU1F9MWwRi1Y8=
  dependencies:
    es5-ext "^0.10.9"

debug@^3.1.0:
  version "3.2.6"
  resolved "https://registry.yarnpkg.com/debug/-/debug-3.2.6.tgz#e83d17de16d8a7efb7717edbe5fb10135eee629b"
  integrity sha512-mel+jf7nrtEl5Pn1Qx46zARXKDpBbvzezse7p7LqINmdoIk8PYP5SySaxEmYv6TZ0JyEKA1hsCId6DIhgITtWQ==
  dependencies:
    ms "^2.1.1"

es5-ext@^0.10.35, es5-ext@^0.10.9, es5-ext@~0.10.14:
  version "0.10.48"
  resolved "https://registry.yarnpkg.com/es5-ext/-/es5-ext-0.10.48.tgz#9a0b31eeded39e64453bcedf6f9d50bbbfb43850"
  integrity sha512-CdRvPlX/24Mj5L4NVxTs4804sxiS2CjVprgCmrgoDkdmjdY4D+ySHa7K3jJf8R40dFg0tIm3z/dk326LrnuSGw==
  dependencies:
    es6-iterator "~2.0.3"
    es6-symbol "~3.1.1"
    next-tick "1"

es6-iterator@~2.0.1, es6-iterator@~2.0.3:
  version "2.0.3"
  resolved "https://registry.yarnpkg.com/es6-iterator/-/es6-iterator-2.0.3.tgz#a7de889141a05a94b0854403b2d0a0fbfa98f3b7"
  integrity sha1-p96IkUGgWpSwhUQDstCg+/qY87c=
  dependencies:
    d "1"
    es5-ext "^0.10.35"
    es6-symbol "^3.1.1"

es6-map@^0.1.1:
  version "0.1.5"
  resolved "https://registry.yarnpkg.com/es6-map/-/es6-map-0.1.5.tgz#9136e0503dcc06a301690f0bb14ff4e364e949f0"
  integrity sha1-kTbgUD3MBqMBaQ8LsU/042TpSfA=
  dependencies:
    d "1"
    es5-ext "~0.10.14"
    es6-iterator "~2.0.1"
    es6-set "~0.1.5"
    es6-symbol "~3.1.1"
    event-emitter "~0.3.5"

es6-set@~0.1.5:
  version "0.1.5"
  resolved "https://registry.yarnpkg.com/es6-set/-/es6-set-0.1.5.tgz#d2b3ec5d4d800ced818db538d28974db0a73ccb1"
  integrity sha1-0rPsXU2ADO2BjbU40ol02wpzzLE=
  dependencies:
    d "1"
    es5-ext "~0.10.14"
    es6-iterator "~2.0.1"
    es6-symbol "3.1.1"
    event-emitter "~0.3.5"

es6-symbol@3.1.1, es6-symbol@^3.1.1, es6-symbol@~3.1.1:
  version "3.1.1"
  resolved "https://registry.yarnpkg.com/es6-symbol/-/es6-symbol-3.1.1.tgz#bf00ef4fdab6ba1b46ecb7b629b4c7ed5715cc77"
  integrity sha1-vwDvT9q2uhtG7Le2KbTH7VcVzHc=
  dependencies:
    d "1"
    es5-ext "~0.10.14"

escape-string-regexp@^1.0.5:
  version "1.0.5"
  resolved "https://registry.yarnpkg.com/escape-string-regexp/-/escape-string-regexp-1.0.5.tgz#1b61c0562190a8dff6ae3bb2cf0200ca130b86d4"
  integrity sha1-G2HAViGQqN/2rjuyzwIAyhMLhtQ=

eslint-scope@3.7.1:
  version "3.7.1"
  resolved "https://registry.yarnpkg.com/eslint-scope/-/eslint-scope-3.7.1.tgz#3d63c3edfda02e06e01a452ad88caacc7cdcb6e8"
  integrity sha1-PWPD7f2gLgbgGkUq2IyqzHzctug=
  dependencies:
    esrecurse "^4.1.0"
    estraverse "^4.1.1"

eslint-visitor-keys@^1.0.0:
  version "1.0.0"
  resolved "https://registry.yarnpkg.com/eslint-visitor-keys/-/eslint-visitor-keys-1.0.0.tgz#3f3180fb2e291017716acb4c9d6d5b5c34a6a81d"
  integrity sha512-qzm/XxIbxm/FHyH341ZrbnMUpe+5Bocte9xkmFMzPMjRaZMcXww+MpBptFvtU+79L362nqiLhekCxCxDPaUMBQ==

esrecurse@^4.1.0:
  version "4.2.1"
  resolved "https://registry.yarnpkg.com/esrecurse/-/esrecurse-4.2.1.tgz#007a3b9fdbc2b3bb87e4879ea19c92fdbd3942cf"
  integrity sha512-64RBB++fIOAXPw3P9cy89qfMlvZEXZkqqJkjqqXIvzP5ezRZjW+lPWjw35UX/3EhUPFYbg5ER4JYgDw4007/DQ==
  dependencies:
    estraverse "^4.1.0"

estraverse@^4.1.0, estraverse@^4.1.1:
  version "4.2.0"
  resolved "https://registry.yarnpkg.com/estraverse/-/estraverse-4.2.0.tgz#0dee3fed31fcd469618ce7342099fc1afa0bdb13"
  integrity sha1-De4/7TH81GlhjOc0IJn8GvoL2xM=

esutils@^2.0.2:
  version "2.0.2"
  resolved "https://registry.yarnpkg.com/esutils/-/esutils-2.0.2.tgz#0abf4f1caa5bcb1f7a9d8acc6dea4faaa04bac9b"
  integrity sha1-Cr9PHKpbyx96nYrMbepPqqBLrJs=

event-emitter@~0.3.5:
  version "0.3.5"
  resolved "https://registry.yarnpkg.com/event-emitter/-/event-emitter-0.3.5.tgz#df8c69eef1647923c7157b9ce83840610b02cc39"
  integrity sha1-34xp7vFkeSPHFXuc6DhAYQsCzDk=
  dependencies:
    d "1"
    es5-ext "~0.10.14"

get-stdin@^6.0.0:
  version "6.0.0"
  resolved "https://registry.yarnpkg.com/get-stdin/-/get-stdin-6.0.0.tgz#9e09bf712b360ab9225e812048f71fde9c89657b"
  integrity sha512-jp4tHawyV7+fkkSKyvjuLZswblUtz+SQKzSWnBbii16BuZksJlU1wuBYXY75r+duh/llF1ur6oNwi+2ZzjKZ7g==

globals@^11.1.0:
  version "11.11.0"
  resolved "https://registry.yarnpkg.com/globals/-/globals-11.11.0.tgz#dcf93757fa2de5486fbeed7118538adf789e9c2e"
  integrity sha512-WHq43gS+6ufNOEqlrDBxVEbb8ntfXrfAUU2ZOpCxrBdGKW3gyv8mCxAfIBD0DroPKGrJ2eSsXsLtY9MPntsyTw==

has-flag@^3.0.0:
  version "3.0.0"
  resolved "https://registry.yarnpkg.com/has-flag/-/has-flag-3.0.0.tgz#b5d454dc2199ae225699f3467e5a07f3b955bafd"
  integrity sha1-tdRU3CGZriJWmfNGfloH87lVuv0=

invariant@^2.2.0:
  version "2.2.4"
  resolved "https://registry.yarnpkg.com/invariant/-/invariant-2.2.4.tgz#610f3c92c9359ce1db616e538008d23ff35158e6"
  integrity sha512-phJfQVBuaJM5raOpJjSfkiD6BpbCE4Ns//LaXl6wGYtUBY83nWS6Rf9tXm2e8VaK60JEjYldbPif/A2B1C2gNA==
  dependencies:
    loose-envify "^1.0.0"

js-tokens@^3.0.0:
  version "3.0.2"
  resolved "https://registry.yarnpkg.com/js-tokens/-/js-tokens-3.0.2.tgz#9866df395102130e38f7f996bceb65443209c25b"
  integrity sha1-mGbfOVECEw449/mWvOtlRDIJwls=

"js-tokens@^3.0.0 || ^4.0.0":
  version "4.0.0"
  resolved "https://registry.yarnpkg.com/js-tokens/-/js-tokens-4.0.0.tgz#19203fb59991df98e3a287050d4647cdeaf32499"
  integrity sha512-RdJUflcE3cUzKiMqQgsCu06FPu9UdIJO0beYbPhHN4k6apgJtifcoCtT9bcxOpYBtpD2kCM6Sbzg4CausW/PKQ==

jsesc@^2.5.1:
  version "2.5.2"
  resolved "https://registry.yarnpkg.com/jsesc/-/jsesc-2.5.2.tgz#80564d2e483dacf6e8ef209650a67df3f0c283a4"
  integrity sha512-OYu7XEzjkCQ3C5Ps3QIZsQfNpqoJyZZA99wd9aWd05NCtC5pWOkShK2mkL6HXQR6/Cy2lbNdPlZBpuQHXE63gA==

lodash@^4.2.0:
  version "4.17.19"
  resolved "https://registry.yarnpkg.com/lodash/-/lodash-4.17.19.tgz#e48ddedbe30b3321783c5b4301fbd353bc1e4a4b"
  integrity sha512-JNvd8XER9GQX0v2qJgsaN/mzFCNA5BRe/j8JN9d+tWyGLSodKQHKFicdwNYzWwI3wjRnaKPsGj1XkBjx/F96DQ==

loose-envify@^1.0.0:
  version "1.4.0"
  resolved "https://registry.yarnpkg.com/loose-envify/-/loose-envify-1.4.0.tgz#71ee51fa7be4caec1a63839f7e682d8132d30caf"
  integrity sha512-lyuxPGr/Wfhrlem2CL/UcnUc1zcqKAImBDzukY7Y5F/yQiNdko6+fRLevlw1HgMySw7f611UIY408EtxRSoK3Q==
  dependencies:
    js-tokens "^3.0.0 || ^4.0.0"

mktemp@^0.4.0:
  version "0.4.0"
  resolved "https://registry.yarnpkg.com/mktemp/-/mktemp-0.4.0.tgz#6d0515611c8a8c84e484aa2000129b98e981ff0b"
  integrity sha1-bQUVYRyKjITkhKogABKbmOmB/ws=

ms@^2.1.1:
  version "2.1.1"
  resolved "https://registry.yarnpkg.com/ms/-/ms-2.1.1.tgz#30a5864eb3ebb0a66f2ebe6d727af06a09d86e0a"
  integrity sha512-tgp+dl5cGk28utYktBsrFqA7HKgrhgPsg6Z/EfhWI4gl1Hwq8B/GmY/0oXZ6nF8hDVesS/FpnYaD/kOWhYQvyg==

multimap@^0.1.1:
  version "0.1.1"
  resolved "https://registry.yarnpkg.com/multimap/-/multimap-0.1.1.tgz#518e9e21520afbe56ae33c0c2353e99d53e3d5fc"
  integrity sha1-UY6eIVIK++Vq4zwMI1PpnVPj1fw=

next-tick@1:
  version "1.0.0"
  resolved "https://registry.yarnpkg.com/next-tick/-/next-tick-1.0.0.tgz#ca86d1fe8828169b0120208e3dc8424b9db8342c"
  integrity sha1-yobR/ogoFpsBICCOPchCS524NCw=

object-assign@^4.1.0:
  version "4.1.1"
  resolved "https://registry.yarnpkg.com/object-assign/-/object-assign-4.1.1.tgz#2109adc7965887cfc05cbbd442cac8bfbb360863"
  integrity sha1-IQmtx5ZYh8/AXLvUQsrIv7s2CGM=

shift-ast@^4.0.0:
  version "4.0.0"
  resolved "https://registry.yarnpkg.com/shift-ast/-/shift-ast-4.0.0.tgz#1d4152a2add28644a52aeb2e0c87d8925d3d97ff"
  integrity sha1-HUFSoq3ShkSlKusuDIfYkl09l/8=

shift-codegen@^5.0.5:
  version "5.1.0"
  resolved "https://registry.yarnpkg.com/shift-codegen/-/shift-codegen-5.1.0.tgz#c5c6513beefe6cd1b7971d7a8f767bb838921ec8"
  integrity sha512-OpRpMYukx4uNyZl+4j192qlghA+orUuXQwCxGB4C7XWVCeFOoz9MVCAQ9XNMQqeZKHE9YNoMpBA/kzrVUFpqcQ==
  dependencies:
    babel-eslint "^8.2.2"
    esutils "^2.0.2"
    object-assign "^4.1.0"
    shift-reducer "^4.3.0"

shift-parser@^5.2.3:
  version "5.2.4"
  resolved "https://registry.yarnpkg.com/shift-parser/-/shift-parser-5.2.4.tgz#45fe764539f7e37b01a5389ce566165e2069cfea"
  integrity sha512-/8AgcmgbnU57xPlDcEQ0TqbjR6OmqDVR4uOri98pKySGnxgsg1djo5PkNtqXmQ5NbGVK6eyFbJePH2SX+4F1Lg==
  dependencies:
    es6-map "^0.1.1"
    multimap "^0.1.1"
    shift-ast "^4.0.0"
    shift-reducer "^4.0.0"

shift-reducer@^4.0.0, shift-reducer@^4.3.0:
  version "4.4.1"
  resolved "https://registry.yarnpkg.com/shift-reducer/-/shift-reducer-4.4.1.tgz#61399e0a4434a37f6770b0a1f4ca6cde2e7f528e"
  integrity sha512-IJmk9grLnuO8vLSG5e52wFXaDLXJmVMGPXKQljhh/Pwb1mQL8OgCr6c4OYyIa3OInTH9rBtms3SwDFWsJzVEnA==
  dependencies:
    shift-ast "^4.0.0"

source-map@^0.5.0:
  version "0.5.7"
  resolved "https://registry.yarnpkg.com/source-map/-/source-map-0.5.7.tgz#8a039d2d1021d22d1ea14c80d8ea468ba2ef3fcc"
  integrity sha1-igOdLRAh0i0eoUyA2OpGi6LvP8w=

split@^1.0.1:
  version "1.0.1"
  resolved "https://registry.yarnpkg.com/split/-/split-1.0.1.tgz#605bd9be303aa59fb35f9229fbea0ddec9ea07d9"
  integrity sha512-mTyOoPbrivtXnwnIxZRFYRrPNtEFKlpB2fvjSnCQUiAA6qAZzqwna5envK4uk6OIeP17CsdF3rSBGYVBsU0Tkg==
  dependencies:
    through "2"

supports-color@^5.3.0:
  version "5.5.0"
  resolved "https://registry.yarnpkg.com/supports-color/-/supports-color-5.5.0.tgz#e2e69a44ac8772f78a1ec0b35b689df6530efc8f"
  integrity sha512-QjVjwdXIt408MIiAqCX4oUKsgU2EqAGzs2Ppkm4aQYbjm+ZEWEcW4SfFNTr4uMNZma0ey4f5lgLrkB0aX0QMow==
  dependencies:
    has-flag "^3.0.0"

through@2:
  version "2.3.8"
  resolved "https://registry.yarnpkg.com/through/-/through-2.3.8.tgz#0dd4c9ffaabc357960b1b724115d7e0e86a2e1f5"
  integrity sha1-DdTJ/6q8NXlgsbckEV1+Doai4fU=

to-fast-properties@^2.0.0:
  version "2.0.0"
  resolved "https://registry.yarnpkg.com/to-fast-properties/-/to-fast-properties-2.0.0.tgz#dc5e698cbd079265bc73e0377681a4e4e83f616e"
  integrity sha1-3F5pjL0HkmW8c+A3doGk5Og/YW4=

trim-right@^1.0.1:
  version "1.0.1"
  resolved "https://registry.yarnpkg.com/trim-right/-/trim-right-1.0.1.tgz#cb2e1203067e0c8de1f614094b9fe45704ea6003"
  integrity sha1-yy4SAwZ+DI3h9hQJS5/kVwTqYAM=
